
Microsoft Visual Studio Solution File, Format Version 12.00
# Visual Studio Version 17
VisualStudioVersion = 17.3.32922.545
MinimumVisualStudioVersion = 10.0.40219.1
Project("{9A19103F-16F7-4668-BE54-9A1E7A4F7556}") = "Arrow", "Arrow\Arrow.csproj", "{04660B82-1C99-406C-809D-06AF5839F648}"
EndProject
Project("{9A19103F-16F7-4668-BE54-9A1E7A4F7556}") = "Arrow.Logging.Log4Net", "Arrow.Logging.Log4Net\Arrow.Logging.Log4Net.csproj", "{5641A6C2-56F3-4C53-B8D6-F70517D2700B}"
EndProject
Project("{9A19103F-16F7-4668-BE54-9A1E7A4F7556}") = "Arrow.Scripting", "Arrow.Scripting\Arrow.Scripting.csproj", "{8E23137A-044F-403A-BDC6-4EC70A51CA21}"
EndProject
Project("{9A19103F-16F7-4668-BE54-9A1E7A4F7556}") = "Arrow.Dynamic", "Arrow.Dynamic\Arrow.Dynamic.csproj", "{160ED0F8-E948-4605-8785-FD83D5C1A676}"
EndProject
Project("{9A19103F-16F7-4668-BE54-9A1E7A4F7556}") = "Arrow.Scripting.Wire", "Arrow.Scripting.Wire\Arrow.Scripting.Wire.csproj", "{EEC15EEF-52D2-4E7F-BED1-06DE1B65D07D}"
EndProject
Project("{9A19103F-16F7-4668-BE54-9A1E7A4F7556}") = "Arrow.GraphTheory", "Arrow.GraphTheory\Arrow.GraphTheory.csproj", "{B26FC732-2102-4EA1-9D88-2FA7C68DEBA1}"
EndProject
Project("{9A19103F-16F7-4668-BE54-9A1E7A4F7556}") = "Arrow.Messaging", "Arrow.Messaging\Arrow.Messaging.csproj", "{89B5751A-DAD3-44AC-B65E-FA1BFFE6A476}"
EndProject
Project("{9A19103F-16F7-4668-BE54-9A1E7A4F7556}") = "Arrow.Messaging.Memory", "Arrow.Messaging.Memory\Arrow.Messaging.Memory.csproj", "{EDF14C78-C19B-4469-9F49-78FC7E3833B1}"
EndProject
Project("{9A19103F-16F7-4668-BE54-9A1E7A4F7556}") = "UnitTests.Arrow", "UnitTests.Arrow\UnitTests.Arrow.csproj", "{17911658-A34B-4B46-BBC0-0C5D002B5EA1}"
EndProject
Project("{9A19103F-16F7-4668-BE54-9A1E7A4F7556}") = "UnitTests.GraphTheory", "UnitTests.GraphTheory\UnitTests.GraphTheory.csproj", "{15794ABB-E8A1-44C3-BB44-B1E024CC39C4}"
EndProject
Project("{9A19103F-16F7-4668-BE54-9A1E7A4F7556}") = "UnitTests.Messaging", "UnitTests.Messaging\UnitTests.Messaging.csproj", "{DFBA1E0A-B91F-469E-BEA2-576D836FB7E4}"
EndProject
Project("{9A19103F-16F7-4668-BE54-9A1E7A4F7556}") = "UnitTests.Scripting.Wire", "UnitTests.Scripting.Wire\UnitTests.Scripting.Wire.csproj", "{918AC50D-B94C-4F7A-A597-524979E507EC}"
EndProject
Project("{9A19103F-16F7-4668-BE54-9A1E7A4F7556}") = "UnitTests.Messaging.Memory", "UnitTests.Messaging.Memory\UnitTests.Messaging.Memory.csproj", "{2CABCF2C-B6A0-4317-8EF4-0B2293CD906C}"
EndProject
Project("{2150E333-8FDC-42A3-9474-1A3956D46DE8}") = "Solution Items", "Solution Items", "{39AA8690-A486-4E81-865E-6B10B71DE6D7}"
	ProjectSection(SolutionItems) = preProject
		Directory.Build.props = Directory.Build.props
	EndProjectSection
EndProject
Project("{9A19103F-16F7-4668-BE54-9A1E7A4F7556}") = "Arrow.Oracle", "Arrow.Oracle\Arrow.Oracle.csproj", "{B5F31CDE-3AE1-4CC6-852A-200BAD562D0A}"
EndProject
Project("{9A19103F-16F7-4668-BE54-9A1E7A4F7556}") = "Arrow.AlertableData", "Arrow.AlertableData\Arrow.AlertableData.csproj", "{2B923670-6C11-4C11-86A4-5BA13E761716}"
EndProject
Project("{9A19103F-16F7-4668-BE54-9A1E7A4F7556}") = "UnitTests.Arrow.AlertableData", "UnitTests.Arrow.AlertableData\UnitTests.Arrow.AlertableData.csproj", "{8AA56AF2-4703-4FD2-BFC4-F9AF03F5EB7F}"
EndProject
Project("{9A19103F-16F7-4668-BE54-9A1E7A4F7556}") = "Arrow.Postgres", "Arrow.Postgres\Arrow.Postgres.csproj", "{AA18F2F6-C1A5-4A76-AC53-51A50A6D3A85}"
EndProject
Project("{9A19103F-16F7-4668-BE54-9A1E7A4F7556}") = "Arrow.Text.Json", "Arrow.Text.Json\Arrow.Text.Json.csproj", "{8A32F951-5C8D-46C1-B475-B49D608AEC31}"
EndProject
Project("{FAE04EC0-301F-11D3-BF4B-00C04F79EFBC}") = "UnitTests.Arrow.Text.Json", "UnitTests.Arrow.Text.Json\UnitTests.Arrow.Text.Json.csproj", "{08489710-6863-4DD4-90FC-8B1E16D52A7A}"
EndProject
Global
	GlobalSection(SolutionConfigurationPlatforms) = preSolution
		Debug|Any CPU = Debug|Any CPU
		Release|Any CPU = Release|Any CPU
	EndGlobalSection
	GlobalSection(ProjectConfigurationPlatforms) = postSolution
		{04660B82-1C99-406C-809D-06AF5839F648}.Debug|Any CPU.ActiveCfg = Debug|Any CPU
		{04660B82-1C99-406C-809D-06AF5839F648}.Debug|Any CPU.Build.0 = Debug|Any CPU
		{04660B82-1C99-406C-809D-06AF5839F648}.Release|Any CPU.ActiveCfg = Release|Any CPU
		{04660B82-1C99-406C-809D-06AF5839F648}.Release|Any CPU.Build.0 = Release|Any CPU
		{5641A6C2-56F3-4C53-B8D6-F70517D2700B}.Debug|Any CPU.ActiveCfg = Debug|Any CPU
		{5641A6C2-56F3-4C53-B8D6-F70517D2700B}.Debug|Any CPU.Build.0 = Debug|Any CPU
		{5641A6C2-56F3-4C53-B8D6-F70517D2700B}.Release|Any CPU.ActiveCfg = Release|Any CPU
		{5641A6C2-56F3-4C53-B8D6-F70517D2700B}.Release|Any CPU.Build.0 = Release|Any CPU
		{8E23137A-044F-403A-BDC6-4EC70A51CA21}.Debug|Any CPU.ActiveCfg = Debug|Any CPU
		{8E23137A-044F-403A-BDC6-4EC70A51CA21}.Debug|Any CPU.Build.0 = Debug|Any CPU
		{8E23137A-044F-403A-BDC6-4EC70A51CA21}.Release|Any CPU.ActiveCfg = Release|Any CPU
		{8E23137A-044F-403A-BDC6-4EC70A51CA21}.Release|Any CPU.Build.0 = Release|Any CPU
		{160ED0F8-E948-4605-8785-FD83D5C1A676}.Debug|Any CPU.ActiveCfg = Debug|Any CPU
		{160ED0F8-E948-4605-8785-FD83D5C1A676}.Debug|Any CPU.Build.0 = Debug|Any CPU
		{160ED0F8-E948-4605-8785-FD83D5C1A676}.Release|Any CPU.ActiveCfg = Release|Any CPU
		{160ED0F8-E948-4605-8785-FD83D5C1A676}.Release|Any CPU.Build.0 = Release|Any CPU
		{EEC15EEF-52D2-4E7F-BED1-06DE1B65D07D}.Debug|Any CPU.ActiveCfg = Debug|Any CPU
		{EEC15EEF-52D2-4E7F-BED1-06DE1B65D07D}.Debug|Any CPU.Build.0 = Debug|Any CPU
		{EEC15EEF-52D2-4E7F-BED1-06DE1B65D07D}.Release|Any CPU.ActiveCfg = Release|Any CPU
		{EEC15EEF-52D2-4E7F-BED1-06DE1B65D07D}.Release|Any CPU.Build.0 = Release|Any CPU
		{B26FC732-2102-4EA1-9D88-2FA7C68DEBA1}.Debug|Any CPU.ActiveCfg = Debug|Any CPU
		{B26FC732-2102-4EA1-9D88-2FA7C68DEBA1}.Debug|Any CPU.Build.0 = Debug|Any CPU
		{B26FC732-2102-4EA1-9D88-2FA7C68DEBA1}.Release|Any CPU.ActiveCfg = Release|Any CPU
		{B26FC732-2102-4EA1-9D88-2FA7C68DEBA1}.Release|Any CPU.Build.0 = Release|Any CPU
		{89B5751A-DAD3-44AC-B65E-FA1BFFE6A476}.Debug|Any CPU.ActiveCfg = Debug|Any CPU
		{89B5751A-DAD3-44AC-B65E-FA1BFFE6A476}.Debug|Any CPU.Build.0 = Debug|Any CPU
		{89B5751A-DAD3-44AC-B65E-FA1BFFE6A476}.Release|Any CPU.ActiveCfg = Release|Any CPU
		{89B5751A-DAD3-44AC-B65E-FA1BFFE6A476}.Release|Any CPU.Build.0 = Release|Any CPU
		{EDF14C78-C19B-4469-9F49-78FC7E3833B1}.Debug|Any CPU.ActiveCfg = Debug|Any CPU
		{EDF14C78-C19B-4469-9F49-78FC7E3833B1}.Debug|Any CPU.Build.0 = Debug|Any CPU
		{EDF14C78-C19B-4469-9F49-78FC7E3833B1}.Release|Any CPU.ActiveCfg = Release|Any CPU
		{EDF14C78-C19B-4469-9F49-78FC7E3833B1}.Release|Any CPU.Build.0 = Release|Any CPU
		{17911658-A34B-4B46-BBC0-0C5D002B5EA1}.Debug|Any CPU.ActiveCfg = Debug|Any CPU
		{17911658-A34B-4B46-BBC0-0C5D002B5EA1}.Debug|Any CPU.Build.0 = Debug|Any CPU
		{17911658-A34B-4B46-BBC0-0C5D002B5EA1}.Release|Any CPU.ActiveCfg = Release|Any CPU
		{17911658-A34B-4B46-BBC0-0C5D002B5EA1}.Release|Any CPU.Build.0 = Release|Any CPU
		{15794ABB-E8A1-44C3-BB44-B1E024CC39C4}.Debug|Any CPU.ActiveCfg = Debug|Any CPU
		{15794ABB-E8A1-44C3-BB44-B1E024CC39C4}.Debug|Any CPU.Build.0 = Debug|Any CPU
		{15794ABB-E8A1-44C3-BB44-B1E024CC39C4}.Release|Any CPU.ActiveCfg = Release|Any CPU
		{15794ABB-E8A1-44C3-BB44-B1E024CC39C4}.Release|Any CPU.Build.0 = Release|Any CPU
		{DFBA1E0A-B91F-469E-BEA2-576D836FB7E4}.Debug|Any CPU.ActiveCfg = Debug|Any CPU
		{DFBA1E0A-B91F-469E-BEA2-576D836FB7E4}.Debug|Any CPU.Build.0 = Debug|Any CPU
		{DFBA1E0A-B91F-469E-BEA2-576D836FB7E4}.Release|Any CPU.ActiveCfg = Release|Any CPU
		{DFBA1E0A-B91F-469E-BEA2-576D836FB7E4}.Release|Any CPU.Build.0 = Release|Any CPU
		{918AC50D-B94C-4F7A-A597-524979E507EC}.Debug|Any CPU.ActiveCfg = Debug|Any CPU
		{918AC50D-B94C-4F7A-A597-524979E507EC}.Debug|Any CPU.Build.0 = Debug|Any CPU
		{918AC50D-B94C-4F7A-A597-524979E507EC}.Release|Any CPU.ActiveCfg = Release|Any CPU
		{918AC50D-B94C-4F7A-A597-524979E507EC}.Release|Any CPU.Build.0 = Release|Any CPU
		{2CABCF2C-B6A0-4317-8EF4-0B2293CD906C}.Debug|Any CPU.ActiveCfg = Debug|Any CPU
		{2CABCF2C-B6A0-4317-8EF4-0B2293CD906C}.Debug|Any CPU.Build.0 = Debug|Any CPU
		{2CABCF2C-B6A0-4317-8EF4-0B2293CD906C}.Release|Any CPU.ActiveCfg = Release|Any CPU
		{2CABCF2C-B6A0-4317-8EF4-0B2293CD906C}.Release|Any CPU.Build.0 = Release|Any CPU
		{B5F31CDE-3AE1-4CC6-852A-200BAD562D0A}.Debug|Any CPU.ActiveCfg = Debug|Any CPU
		{B5F31CDE-3AE1-4CC6-852A-200BAD562D0A}.Debug|Any CPU.Build.0 = Debug|Any CPU
		{B5F31CDE-3AE1-4CC6-852A-200BAD562D0A}.Release|Any CPU.ActiveCfg = Release|Any CPU
		{B5F31CDE-3AE1-4CC6-852A-200BAD562D0A}.Release|Any CPU.Build.0 = Release|Any CPU
		{2B923670-6C11-4C11-86A4-5BA13E761716}.Debug|Any CPU.ActiveCfg = Debug|Any CPU
		{2B923670-6C11-4C11-86A4-5BA13E761716}.Debug|Any CPU.Build.0 = Debug|Any CPU
		{2B923670-6C11-4C11-86A4-5BA13E761716}.Release|Any CPU.ActiveCfg = Release|Any CPU
		{2B923670-6C11-4C11-86A4-5BA13E761716}.Release|Any CPU.Build.0 = Release|Any CPU
		{8AA56AF2-4703-4FD2-BFC4-F9AF03F5EB7F}.Debug|Any CPU.ActiveCfg = Debug|Any CPU
		{8AA56AF2-4703-4FD2-BFC4-F9AF03F5EB7F}.Debug|Any CPU.Build.0 = Debug|Any CPU
		{8AA56AF2-4703-4FD2-BFC4-F9AF03F5EB7F}.Release|Any CPU.ActiveCfg = Release|Any CPU
		{8AA56AF2-4703-4FD2-BFC4-F9AF03F5EB7F}.Release|Any CPU.Build.0 = Release|Any CPU
		{AA18F2F6-C1A5-4A76-AC53-51A50A6D3A85}.Debug|Any CPU.ActiveCfg = Debug|Any CPU
		{AA18F2F6-C1A5-4A76-AC53-51A50A6D3A85}.Debug|Any CPU.Build.0 = Debug|Any CPU
		{AA18F2F6-C1A5-4A76-AC53-51A50A6D3A85}.Release|Any CPU.ActiveCfg = Release|Any CPU
		{AA18F2F6-C1A5-4A76-AC53-51A50A6D3A85}.Release|Any CPU.Build.0 = Release|Any CPU
		{8A32F951-5C8D-46C1-B475-B49D608AEC31}.Debug|Any CPU.ActiveCfg = Debug|Any CPU
		{8A32F951-5C8D-46C1-B475-B49D608AEC31}.Debug|Any CPU.Build.0 = Debug|Any CPU
		{8A32F951-5C8D-46C1-B475-B49D608AEC31}.Release|Any CPU.ActiveCfg = Release|Any CPU
		{8A32F951-5C8D-46C1-B475-B49D608AEC31}.Release|Any CPU.Build.0 = Release|Any CPU
		{08489710-6863-4DD4-90FC-8B1E16D52A7A}.Debug|Any CPU.ActiveCfg = Debug|Any CPU
		{08489710-6863-4DD4-90FC-8B1E16D52A7A}.Debug|Any CPU.Build.0 = Debug|Any CPU
		{08489710-6863-4DD4-90FC-8B1E16D52A7A}.Release|Any CPU.ActiveCfg = Release|Any CPU
		{08489710-6863-4DD4-90FC-8B1E16D52A7A}.Release|Any CPU.Build.0 = Release|Any CPU
	EndGlobalSection
	GlobalSection(SolutionProperties) = preSolution
		HideSolutionNode = FALSE
	EndGlobalSection
	GlobalSection(ExtensibilityGlobals) = postSolution
		SolutionGuid = {6034DF28-5668-422F-B355-80FDB03E17E0}
	EndGlobalSection
EndGlobal
