
Microsoft Visual Studio Solution File, Format Version 12.00
# Visual Studio Version 17
VisualStudioVersion = 17.5.33414.496
MinimumVisualStudioVersion = 10.0.40219.1
Project("{FAE04EC0-301F-11D3-BF4B-00C04F79EFBC}") = "Tango.JobRunner", "Tango.JobRunner\Tango.JobRunner.csproj", "{2F33C3A5-2254-4A7F-B18B-D37DE46FB1E9}"
EndProject
Project("{9A19103F-16F7-4668-BE54-9A1E7A4F7556}") = "Arrow", "..\..\..\CSharp\Source\Arrow\Arrow\Arrow.csproj", "{F21D2BDB-4A26-4B84-81CF-1A3CD6CEE296}"
EndProject
Project("{FAE04EC0-301F-11D3-BF4B-00C04F79EFBC}") = "ScriptRunner", "ScriptRunner\ScriptRunner.csproj", "{334E2C00-EE1C-45C9-9806-5B756182A6AA}"
EndProject
Global
	GlobalSection(SolutionConfigurationPlatforms) = preSolution
		Debug|Any CPU = Debug|Any CPU
		Release|Any CPU = Release|Any CPU
	EndGlobalSection
	GlobalSection(ProjectConfigurationPlatforms) = postSolution
		{2F33C3A5-2254-4A7F-B18B-D37DE46FB1E9}.Debug|Any CPU.ActiveCfg = Debug|Any CPU
		{2F33C3A5-2254-4A7F-B18B-D37DE46FB1E9}.Debug|Any CPU.Build.0 = Debug|Any CPU
		{2F33C3A5-2254-4A7F-B18B-D37DE46FB1E9}.Release|Any CPU.ActiveCfg = Release|Any CPU
		{2F33C3A5-2254-4A7F-B18B-D37DE46FB1E9}.Release|Any CPU.Build.0 = Release|Any CPU
		{F21D2BDB-4A26-4B84-81CF-1A3CD6CEE296}.Debug|Any CPU.ActiveCfg = Debug|Any CPU
		{F21D2BDB-4A26-4B84-81CF-1A3CD6CEE296}.Debug|Any CPU.Build.0 = Debug|Any CPU
		{F21D2BDB-4A26-4B84-81CF-1A3CD6CEE296}.Release|Any CPU.ActiveCfg = Release|Any CPU
		{F21D2BDB-4A26-4B84-81CF-1A3CD6CEE296}.Release|Any CPU.Build.0 = Release|Any CPU
		{334E2C00-EE1C-45C9-9806-5B756182A6AA}.Debug|Any CPU.ActiveCfg = Debug|Any CPU
		{334E2C00-EE1C-45C9-9806-5B756182A6AA}.Debug|Any CPU.Build.0 = Debug|Any CPU
		{334E2C00-EE1C-45C9-9806-5B756182A6AA}.Release|Any CPU.ActiveCfg = Release|Any CPU
		{334E2C00-EE1C-45C9-9806-5B756182A6AA}.Release|Any CPU.Build.0 = Release|Any CPU
	EndGlobalSection
	GlobalSection(SolutionProperties) = preSolution
		HideSolutionNode = FALSE
	EndGlobalSection
	GlobalSection(ExtensibilityGlobals) = postSolution
		SolutionGuid = {6CAE7B1F-57BC-48E4-A3CF-EAD2F03486FA}
	EndGlobalSection
EndGlobal
