
Microsoft Visual Studio Solution File, Format Version 12.00
# Visual Studio Version 17
VisualStudioVersion = 17.5.33414.496
MinimumVisualStudioVersion = 10.0.40219.1
Project("{9A19103F-16F7-4668-BE54-9A1E7A4F7556}") = "Tango.Workbench", "Tango.JobRunner\Tango.Workbench.csproj", "{2F33C3A5-2254-4A7F-B18B-D37DE46FB1E9}"
EndProject
Project("{9A19103F-16F7-4668-BE54-9A1E7A4F7556}") = "Arrow", "..\..\..\CSharp\Source\Arrow\Arrow\Arrow.csproj", "{F21D2BDB-4A26-4B84-81CF-1A3CD6CEE296}"
EndProject
Project("{9A19103F-16F7-4668-BE54-9A1E7A4F7556}") = "ScriptRunner", "ScriptRunner\ScriptRunner.csproj", "{334E2C00-EE1C-45C9-9806-5B756182A6AA}"
EndProject
Project("{9A19103F-16F7-4668-BE54-9A1E7A4F7556}") = "Tango.Workbench.Python", "Tango.JobRunner.Python\Tango.Workbench.Python.csproj", "{3AA13117-6C76-4A6C-A014-9D00A377AF97}"
EndProject
Project("{9A19103F-16F7-4668-BE54-9A1E7A4F7556}") = "Arrow.Scripting.Wire", "..\..\..\CSharp\Source\Arrow\Arrow.Scripting.Wire\Arrow.Scripting.Wire.csproj", "{6700D46D-FF2D-4062-BB59-FF0D2C07226D}"
EndProject
Global
	GlobalSection(SolutionConfigurationPlatforms) = preSolution
		Debug|Any CPU = Debug|Any CPU
		Debug|x64 = Debug|x64
		Release|Any CPU = Release|Any CPU
		Release|x64 = Release|x64
	EndGlobalSection
	GlobalSection(ProjectConfigurationPlatforms) = postSolution
		{2F33C3A5-2254-4A7F-B18B-D37DE46FB1E9}.Debug|Any CPU.ActiveCfg = Debug|Any CPU
		{2F33C3A5-2254-4A7F-B18B-D37DE46FB1E9}.Debug|Any CPU.Build.0 = Debug|Any CPU
		{2F33C3A5-2254-4A7F-B18B-D37DE46FB1E9}.Debug|x64.ActiveCfg = Debug|Any CPU
		{2F33C3A5-2254-4A7F-B18B-D37DE46FB1E9}.Debug|x64.Build.0 = Debug|Any CPU
		{2F33C3A5-2254-4A7F-B18B-D37DE46FB1E9}.Release|Any CPU.ActiveCfg = Release|Any CPU
		{2F33C3A5-2254-4A7F-B18B-D37DE46FB1E9}.Release|Any CPU.Build.0 = Release|Any CPU
		{2F33C3A5-2254-4A7F-B18B-D37DE46FB1E9}.Release|x64.ActiveCfg = Release|Any CPU
		{2F33C3A5-2254-4A7F-B18B-D37DE46FB1E9}.Release|x64.Build.0 = Release|Any CPU
		{F21D2BDB-4A26-4B84-81CF-1A3CD6CEE296}.Debug|Any CPU.ActiveCfg = Debug|Any CPU
		{F21D2BDB-4A26-4B84-81CF-1A3CD6CEE296}.Debug|Any CPU.Build.0 = Debug|Any CPU
		{F21D2BDB-4A26-4B84-81CF-1A3CD6CEE296}.Debug|x64.ActiveCfg = Debug|Any CPU
		{F21D2BDB-4A26-4B84-81CF-1A3CD6CEE296}.Debug|x64.Build.0 = Debug|Any CPU
		{F21D2BDB-4A26-4B84-81CF-1A3CD6CEE296}.Release|Any CPU.ActiveCfg = Release|Any CPU
		{F21D2BDB-4A26-4B84-81CF-1A3CD6CEE296}.Release|Any CPU.Build.0 = Release|Any CPU
		{F21D2BDB-4A26-4B84-81CF-1A3CD6CEE296}.Release|x64.ActiveCfg = Release|Any CPU
		{F21D2BDB-4A26-4B84-81CF-1A3CD6CEE296}.Release|x64.Build.0 = Release|Any CPU
		{334E2C00-EE1C-45C9-9806-5B756182A6AA}.Debug|Any CPU.ActiveCfg = Debug|Any CPU
		{334E2C00-EE1C-45C9-9806-5B756182A6AA}.Debug|Any CPU.Build.0 = Debug|Any CPU
		{334E2C00-EE1C-45C9-9806-5B756182A6AA}.Debug|x64.ActiveCfg = Debug|x64
		{334E2C00-EE1C-45C9-9806-5B756182A6AA}.Debug|x64.Build.0 = Debug|x64
		{334E2C00-EE1C-45C9-9806-5B756182A6AA}.Release|Any CPU.ActiveCfg = Release|Any CPU
		{334E2C00-EE1C-45C9-9806-5B756182A6AA}.Release|Any CPU.Build.0 = Release|Any CPU
		{334E2C00-EE1C-45C9-9806-5B756182A6AA}.Release|x64.ActiveCfg = Release|x64
		{334E2C00-EE1C-45C9-9806-5B756182A6AA}.Release|x64.Build.0 = Release|x64
		{3AA13117-6C76-4A6C-A014-9D00A377AF97}.Debug|Any CPU.ActiveCfg = Debug|Any CPU
		{3AA13117-6C76-4A6C-A014-9D00A377AF97}.Debug|Any CPU.Build.0 = Debug|Any CPU
		{3AA13117-6C76-4A6C-A014-9D00A377AF97}.Debug|x64.ActiveCfg = Debug|Any CPU
		{3AA13117-6C76-4A6C-A014-9D00A377AF97}.Debug|x64.Build.0 = Debug|Any CPU
		{3AA13117-6C76-4A6C-A014-9D00A377AF97}.Release|Any CPU.ActiveCfg = Release|Any CPU
		{3AA13117-6C76-4A6C-A014-9D00A377AF97}.Release|Any CPU.Build.0 = Release|Any CPU
		{3AA13117-6C76-4A6C-A014-9D00A377AF97}.Release|x64.ActiveCfg = Release|Any CPU
		{3AA13117-6C76-4A6C-A014-9D00A377AF97}.Release|x64.Build.0 = Release|Any CPU
		{6700D46D-FF2D-4062-BB59-FF0D2C07226D}.Debug|Any CPU.ActiveCfg = Debug|Any CPU
		{6700D46D-FF2D-4062-BB59-FF0D2C07226D}.Debug|Any CPU.Build.0 = Debug|Any CPU
		{6700D46D-FF2D-4062-BB59-FF0D2C07226D}.Debug|x64.ActiveCfg = Debug|Any CPU
		{6700D46D-FF2D-4062-BB59-FF0D2C07226D}.Debug|x64.Build.0 = Debug|Any CPU
		{6700D46D-FF2D-4062-BB59-FF0D2C07226D}.Release|Any CPU.ActiveCfg = Release|Any CPU
		{6700D46D-FF2D-4062-BB59-FF0D2C07226D}.Release|Any CPU.Build.0 = Release|Any CPU
		{6700D46D-FF2D-4062-BB59-FF0D2C07226D}.Release|x64.ActiveCfg = Release|Any CPU
		{6700D46D-FF2D-4062-BB59-FF0D2C07226D}.Release|x64.Build.0 = Release|Any CPU
	EndGlobalSection
	GlobalSection(SolutionProperties) = preSolution
		HideSolutionNode = FALSE
	EndGlobalSection
	GlobalSection(ExtensibilityGlobals) = postSolution
		SolutionGuid = {6CAE7B1F-57BC-48E4-A3CF-EAD2F03486FA}
	EndGlobalSection
EndGlobal
