
Microsoft Visual Studio Solution File, Format Version 12.00
# Visual Studio 15
VisualStudioVersion = 15.0.26430.16
MinimumVisualStudioVersion = 10.0.40219.1
Project("{FAE04EC0-301F-11D3-BF4B-00C04F79EFBC}") = "UnitTests.Arrow", "UnitTests.Arrow\UnitTests.Arrow.csproj", "{28DCBB06-F869-44CF-8785-29A5B340157E}"
EndProject
Project("{FAE04EC0-301F-11D3-BF4B-00C04F79EFBC}") = "UnitTests.Scripting.Wire", "UnitTests.Scripting.Wire\UnitTests.Scripting.Wire.csproj", "{B0EFAF3C-0D01-498D-9E4F-EADD88308ABD}"
EndProject
Project("{FAE04EC0-301F-11D3-BF4B-00C04F79EFBC}") = "UnitTests.GraphTheory", "UnitTests.GraphTheory\UnitTests.GraphTheory.csproj", "{715BCBAC-8DBA-42FF-8DC2-C37C7A80449E}"
EndProject
Project("{FAE04EC0-301F-11D3-BF4B-00C04F79EFBC}") = "UnitTests.Messaging", "UnitTests.Messaging\UnitTests.Messaging.csproj", "{53DF4B7C-0868-499B-8D9A-9139F2D68B84}"
EndProject
Project("{FAE04EC0-301F-11D3-BF4B-00C04F79EFBC}") = "UnitTests.Messaging.Memory", "UnitTests.Messaging.Memory\UnitTests.Messaging.Memory.csproj", "{639F1B3E-DDE2-476E-A448-47080F184E06}"
EndProject
Project("{F2A71F9B-5D33-465A-A702-920D77279786}") = "UnitTests.FSharp", "UnitTests.FSharp\UnitTests.FSharp.fsproj", "{F19EDEE6-C379-45FD-A77C-AB85F6143B46}"
EndProject
Global
	GlobalSection(SolutionConfigurationPlatforms) = preSolution
		Debug|Any CPU = Debug|Any CPU
		Release|Any CPU = Release|Any CPU
	EndGlobalSection
	GlobalSection(ProjectConfigurationPlatforms) = postSolution
		{28DCBB06-F869-44CF-8785-29A5B340157E}.Debug|Any CPU.ActiveCfg = Debug|Any CPU
		{28DCBB06-F869-44CF-8785-29A5B340157E}.Debug|Any CPU.Build.0 = Debug|Any CPU
		{28DCBB06-F869-44CF-8785-29A5B340157E}.Release|Any CPU.ActiveCfg = Release|Any CPU
		{28DCBB06-F869-44CF-8785-29A5B340157E}.Release|Any CPU.Build.0 = Release|Any CPU
		{B0EFAF3C-0D01-498D-9E4F-EADD88308ABD}.Debug|Any CPU.ActiveCfg = Debug|Any CPU
		{B0EFAF3C-0D01-498D-9E4F-EADD88308ABD}.Debug|Any CPU.Build.0 = Debug|Any CPU
		{B0EFAF3C-0D01-498D-9E4F-EADD88308ABD}.Release|Any CPU.ActiveCfg = Release|Any CPU
		{B0EFAF3C-0D01-498D-9E4F-EADD88308ABD}.Release|Any CPU.Build.0 = Release|Any CPU
		{715BCBAC-8DBA-42FF-8DC2-C37C7A80449E}.Debug|Any CPU.ActiveCfg = Debug|Any CPU
		{715BCBAC-8DBA-42FF-8DC2-C37C7A80449E}.Debug|Any CPU.Build.0 = Debug|Any CPU
		{715BCBAC-8DBA-42FF-8DC2-C37C7A80449E}.Release|Any CPU.ActiveCfg = Release|Any CPU
		{715BCBAC-8DBA-42FF-8DC2-C37C7A80449E}.Release|Any CPU.Build.0 = Release|Any CPU
		{53DF4B7C-0868-499B-8D9A-9139F2D68B84}.Debug|Any CPU.ActiveCfg = Debug|Any CPU
		{53DF4B7C-0868-499B-8D9A-9139F2D68B84}.Debug|Any CPU.Build.0 = Debug|Any CPU
		{53DF4B7C-0868-499B-8D9A-9139F2D68B84}.Release|Any CPU.ActiveCfg = Release|Any CPU
		{53DF4B7C-0868-499B-8D9A-9139F2D68B84}.Release|Any CPU.Build.0 = Release|Any CPU
		{639F1B3E-DDE2-476E-A448-47080F184E06}.Debug|Any CPU.ActiveCfg = Debug|Any CPU
		{639F1B3E-DDE2-476E-A448-47080F184E06}.Debug|Any CPU.Build.0 = Debug|Any CPU
		{639F1B3E-DDE2-476E-A448-47080F184E06}.Release|Any CPU.ActiveCfg = Release|Any CPU
		{639F1B3E-DDE2-476E-A448-47080F184E06}.Release|Any CPU.Build.0 = Release|Any CPU
		{F19EDEE6-C379-45FD-A77C-AB85F6143B46}.Debug|Any CPU.ActiveCfg = Debug|Any CPU
		{F19EDEE6-C379-45FD-A77C-AB85F6143B46}.Debug|Any CPU.Build.0 = Debug|Any CPU
		{F19EDEE6-C379-45FD-A77C-AB85F6143B46}.Release|Any CPU.ActiveCfg = Release|Any CPU
		{F19EDEE6-C379-45FD-A77C-AB85F6143B46}.Release|Any CPU.Build.0 = Release|Any CPU
	EndGlobalSection
	GlobalSection(SolutionProperties) = preSolution
		HideSolutionNode = FALSE
	EndGlobalSection
EndGlobal
